
Microsoft Visual Studio Solution File, Format Version 12.00
# Visual Studio Version 16
VisualStudioVersion = 25.0.1704.0
MinimumVisualStudioVersion = 10.0.40219.1
Project("{FAE04EC0-301F-11D3-BF4B-00C04F79EFBC}") = "quiz4Code", "quiz4Code\quiz4Code.csproj", "{6C69D7A1-A61F-4D82-B1A7-E37D68094F41}"
EndProject
Global
	GlobalSection(SolutionConfigurationPlatforms) = preSolution
		Debug|Any CPU = Debug|Any CPU
		Release|Any CPU = Release|Any CPU
	EndGlobalSection
	GlobalSection(ProjectConfigurationPlatforms) = postSolution
		{6C69D7A1-A61F-4D82-B1A7-E37D68094F41}.Debug|Any CPU.ActiveCfg = Debug|Any CPU
		{6C69D7A1-A61F-4D82-B1A7-E37D68094F41}.Debug|Any CPU.Build.0 = Debug|Any CPU
		{6C69D7A1-A61F-4D82-B1A7-E37D68094F41}.Release|Any CPU.ActiveCfg = Release|Any CPU
		{6C69D7A1-A61F-4D82-B1A7-E37D68094F41}.Release|Any CPU.Build.0 = Release|Any CPU
	EndGlobalSection
	GlobalSection(SolutionProperties) = preSolution
		HideSolutionNode = FALSE
	EndGlobalSection
	GlobalSection(ExtensibilityGlobals) = postSolution
		SolutionGuid = {0A7A505B-71F7-45FA-B70A-696F511C04A1}
	EndGlobalSection
EndGlobal
